
Microsoft Visual Studio Solution File, Format Version 12.00
# Visual Studio Version 16
VisualStudioVersion = 16.0.29509.3
MinimumVisualStudioVersion = 10.0.40219.1
Project("{FAE04EC0-301F-11D3-BF4B-00C04F79EFBC}") = "OcconCaseServer", "OcconCaseServer\OcconCaseServer.csproj", "{BF623F7F-AAB9-4502-A452-FFD91F0912BC}"
EndProject
Global
	GlobalSection(SolutionConfigurationPlatforms) = preSolution
		Debug|Any CPU = Debug|Any CPU
		Release|Any CPU = Release|Any CPU
	EndGlobalSection
	GlobalSection(ProjectConfigurationPlatforms) = postSolution
		{BF623F7F-AAB9-4502-A452-FFD91F0912BC}.Debug|Any CPU.ActiveCfg = Debug|Any CPU
		{BF623F7F-AAB9-4502-A452-FFD91F0912BC}.Debug|Any CPU.Build.0 = Debug|Any CPU
		{BF623F7F-AAB9-4502-A452-FFD91F0912BC}.Release|Any CPU.ActiveCfg = Release|Any CPU
		{BF623F7F-AAB9-4502-A452-FFD91F0912BC}.Release|Any CPU.Build.0 = Release|Any CPU
	EndGlobalSection
	GlobalSection(SolutionProperties) = preSolution
		HideSolutionNode = FALSE
	EndGlobalSection
	GlobalSection(ExtensibilityGlobals) = postSolution
		SolutionGuid = {1C6A0ADC-3C01-45C4-91E1-CBE0D4BA0003}
	EndGlobalSection
EndGlobal
